
Microsoft Visual Studio Solution File, Format Version 12.00
# Visual Studio Version 17
VisualStudioVersion = 17.5.33502.453
MinimumVisualStudioVersion = 10.0.40219.1
Project("{9A19103F-16F7-4668-BE54-9A1E7A4F7556}") = "UI", "src\External\UI\UI.csproj", "{6C61FB35-1C17-46DB-A57D-596430DA83C9}"
EndProject
Project("{9A19103F-16F7-4668-BE54-9A1E7A4F7556}") = "Domain", "src\Core\Domain\Domain.csproj", "{8100FDA6-0FB4-40E0-B957-D2461ED88416}"
EndProject
Project("{9A19103F-16F7-4668-BE54-9A1E7A4F7556}") = "Domain.Tests", "Tests\Domain.Tests\Domain.Tests.csproj", "{5CE31A44-720A-4834-8023-093675FEC619}"
EndProject
Project("{2150E333-8FDC-42A3-9474-1A3956D46DE8}") = "Core", "Core", "{5068746C-6AF2-4672-A0E4-AED67A787B15}"
EndProject
Project("{9A19103F-16F7-4668-BE54-9A1E7A4F7556}") = "Application", "src\Core\Application\Application.csproj", "{E1FBB8F6-5B3C-41E9-B5AD-303353478699}"
EndProject
Project("{2150E333-8FDC-42A3-9474-1A3956D46DE8}") = "External", "External", "{21873CEA-59E4-4BDC-A208-10576A6C9DC6}"
EndProject
Project("{9A19103F-16F7-4668-BE54-9A1E7A4F7556}") = "Infrastructure", "src\External\Infrastructure\Infrastructure.csproj", "{93E02066-68A3-4D8A-9070-1644C107CA29}"
EndProject
Project("{2150E333-8FDC-42A3-9474-1A3956D46DE8}") = "Tests", "Tests", "{EC4F5298-7694-46AF-8688-135CD42FE248}"
EndProject
Project("{9A19103F-16F7-4668-BE54-9A1E7A4F7556}") = "Architecture.Tests", "Tests\Architecture.Tests\Architecture.Tests.csproj", "{D0F5E602-1E46-47B6-A65D-4DD1FE6177CA}"
EndProject
Project("{2150E333-8FDC-42A3-9474-1A3956D46DE8}") = "Benchmarks", "Benchmarks", "{9E806EC3-C729-4CC7-90E2-6D0766D714C1}"
EndProject
Project("{9A19103F-16F7-4668-BE54-9A1E7A4F7556}") = "Benchmark", "Benchmarks\Benchmark\Benchmark.csproj", "{EAB642AD-17C6-46A5-A6D6-1F7C61D49D2A}"
EndProject
Project("{9A19103F-16F7-4668-BE54-9A1E7A4F7556}") = "Benchmark.Domain", "Benchmarks\Benchmark.Domain\Benchmark.Domain.csproj", "{5FA78A23-617C-403F-BA72-0660DCEAF782}"
EndProject
Project("{9A19103F-16F7-4668-BE54-9A1E7A4F7556}") = "Benchmark.Infrastructure", "Benchmarks\Benchmark.Infrastructure\Benchmark.Infrastructure.csproj", "{E2CB12B6-8FC0-4DD8-9E65-FF59A71D9C71}"
EndProject
Project("{9A19103F-16F7-4668-BE54-9A1E7A4F7556}") = "Application.Tests", "Tests\Application.Tests\Application.Tests.csproj", "{F53BD83D-1319-4567-9E0B-D5021BFC7DEC}"
EndProject
Project("{2150E333-8FDC-42A3-9474-1A3956D46DE8}") = "src", "src", "{ED0F9C97-4DE1-4E5C-8149-949FEE57E121}"
EndProject
Project("{9A19103F-16F7-4668-BE54-9A1E7A4F7556}") = "Benchmark.Application", "Benchmarks\Benchmark.Application\Benchmark.Application.csproj", "{465182BE-1B3C-4D42-A06E-E9083D5C2CCE}"
EndProject
Project("{FAE04EC0-301F-11D3-BF4B-00C04F79EFBC}") = "Api", "src\External\Api\Api.csproj", "{817074BB-BA6B-4F8A-B286-F6E93B8FFCDD}"
EndProject
Project("{2150E333-8FDC-42A3-9474-1A3956D46DE8}") = "_Solution Items", "_Solution Items", "{2C92B572-8E86-47BF-B23E-9F8A61AE7BAA}"
	ProjectSection(SolutionItems) = preProject
		Directory.Packages.props = Directory.Packages.props
		docker-compose.yml = docker-compose.yml
	EndProjectSection
EndProject
Global
	GlobalSection(SolutionConfigurationPlatforms) = preSolution
		Debug|Any CPU = Debug|Any CPU
		Release|Any CPU = Release|Any CPU
	EndGlobalSection
	GlobalSection(ProjectConfigurationPlatforms) = postSolution
		{6C61FB35-1C17-46DB-A57D-596430DA83C9}.Debug|Any CPU.ActiveCfg = Debug|Any CPU
		{6C61FB35-1C17-46DB-A57D-596430DA83C9}.Debug|Any CPU.Build.0 = Debug|Any CPU
		{6C61FB35-1C17-46DB-A57D-596430DA83C9}.Release|Any CPU.ActiveCfg = Release|Any CPU
		{6C61FB35-1C17-46DB-A57D-596430DA83C9}.Release|Any CPU.Build.0 = Release|Any CPU
		{8100FDA6-0FB4-40E0-B957-D2461ED88416}.Debug|Any CPU.ActiveCfg = Debug|Any CPU
		{8100FDA6-0FB4-40E0-B957-D2461ED88416}.Debug|Any CPU.Build.0 = Debug|Any CPU
		{8100FDA6-0FB4-40E0-B957-D2461ED88416}.Release|Any CPU.ActiveCfg = Release|Any CPU
		{8100FDA6-0FB4-40E0-B957-D2461ED88416}.Release|Any CPU.Build.0 = Release|Any CPU
		{5CE31A44-720A-4834-8023-093675FEC619}.Debug|Any CPU.ActiveCfg = Debug|Any CPU
		{5CE31A44-720A-4834-8023-093675FEC619}.Debug|Any CPU.Build.0 = Debug|Any CPU
		{5CE31A44-720A-4834-8023-093675FEC619}.Release|Any CPU.ActiveCfg = Release|Any CPU
		{5CE31A44-720A-4834-8023-093675FEC619}.Release|Any CPU.Build.0 = Release|Any CPU
		{E1FBB8F6-5B3C-41E9-B5AD-303353478699}.Debug|Any CPU.ActiveCfg = Debug|Any CPU
		{E1FBB8F6-5B3C-41E9-B5AD-303353478699}.Debug|Any CPU.Build.0 = Debug|Any CPU
		{E1FBB8F6-5B3C-41E9-B5AD-303353478699}.Release|Any CPU.ActiveCfg = Release|Any CPU
		{E1FBB8F6-5B3C-41E9-B5AD-303353478699}.Release|Any CPU.Build.0 = Release|Any CPU
		{93E02066-68A3-4D8A-9070-1644C107CA29}.Debug|Any CPU.ActiveCfg = Debug|Any CPU
		{93E02066-68A3-4D8A-9070-1644C107CA29}.Debug|Any CPU.Build.0 = Debug|Any CPU
		{93E02066-68A3-4D8A-9070-1644C107CA29}.Release|Any CPU.ActiveCfg = Release|Any CPU
		{93E02066-68A3-4D8A-9070-1644C107CA29}.Release|Any CPU.Build.0 = Release|Any CPU
		{D0F5E602-1E46-47B6-A65D-4DD1FE6177CA}.Debug|Any CPU.ActiveCfg = Debug|Any CPU
		{D0F5E602-1E46-47B6-A65D-4DD1FE6177CA}.Debug|Any CPU.Build.0 = Debug|Any CPU
		{D0F5E602-1E46-47B6-A65D-4DD1FE6177CA}.Release|Any CPU.ActiveCfg = Release|Any CPU
		{D0F5E602-1E46-47B6-A65D-4DD1FE6177CA}.Release|Any CPU.Build.0 = Release|Any CPU
		{EAB642AD-17C6-46A5-A6D6-1F7C61D49D2A}.Debug|Any CPU.ActiveCfg = Debug|Any CPU
		{EAB642AD-17C6-46A5-A6D6-1F7C61D49D2A}.Debug|Any CPU.Build.0 = Debug|Any CPU
		{EAB642AD-17C6-46A5-A6D6-1F7C61D49D2A}.Release|Any CPU.ActiveCfg = Release|Any CPU
		{EAB642AD-17C6-46A5-A6D6-1F7C61D49D2A}.Release|Any CPU.Build.0 = Release|Any CPU
		{5FA78A23-617C-403F-BA72-0660DCEAF782}.Debug|Any CPU.ActiveCfg = Debug|Any CPU
		{5FA78A23-617C-403F-BA72-0660DCEAF782}.Debug|Any CPU.Build.0 = Debug|Any CPU
		{5FA78A23-617C-403F-BA72-0660DCEAF782}.Release|Any CPU.ActiveCfg = Release|Any CPU
		{5FA78A23-617C-403F-BA72-0660DCEAF782}.Release|Any CPU.Build.0 = Release|Any CPU
		{E2CB12B6-8FC0-4DD8-9E65-FF59A71D9C71}.Debug|Any CPU.ActiveCfg = Debug|Any CPU
		{E2CB12B6-8FC0-4DD8-9E65-FF59A71D9C71}.Debug|Any CPU.Build.0 = Debug|Any CPU
		{E2CB12B6-8FC0-4DD8-9E65-FF59A71D9C71}.Release|Any CPU.ActiveCfg = Release|Any CPU
		{E2CB12B6-8FC0-4DD8-9E65-FF59A71D9C71}.Release|Any CPU.Build.0 = Release|Any CPU
		{F53BD83D-1319-4567-9E0B-D5021BFC7DEC}.Debug|Any CPU.ActiveCfg = Debug|Any CPU
		{F53BD83D-1319-4567-9E0B-D5021BFC7DEC}.Debug|Any CPU.Build.0 = Debug|Any CPU
		{F53BD83D-1319-4567-9E0B-D5021BFC7DEC}.Release|Any CPU.ActiveCfg = Release|Any CPU
		{F53BD83D-1319-4567-9E0B-D5021BFC7DEC}.Release|Any CPU.Build.0 = Release|Any CPU
		{465182BE-1B3C-4D42-A06E-E9083D5C2CCE}.Debug|Any CPU.ActiveCfg = Debug|Any CPU
		{465182BE-1B3C-4D42-A06E-E9083D5C2CCE}.Debug|Any CPU.Build.0 = Debug|Any CPU
		{465182BE-1B3C-4D42-A06E-E9083D5C2CCE}.Release|Any CPU.ActiveCfg = Release|Any CPU
		{465182BE-1B3C-4D42-A06E-E9083D5C2CCE}.Release|Any CPU.Build.0 = Release|Any CPU
		{817074BB-BA6B-4F8A-B286-F6E93B8FFCDD}.Debug|Any CPU.ActiveCfg = Debug|Any CPU
		{817074BB-BA6B-4F8A-B286-F6E93B8FFCDD}.Debug|Any CPU.Build.0 = Debug|Any CPU
		{817074BB-BA6B-4F8A-B286-F6E93B8FFCDD}.Release|Any CPU.ActiveCfg = Release|Any CPU
		{817074BB-BA6B-4F8A-B286-F6E93B8FFCDD}.Release|Any CPU.Build.0 = Release|Any CPU
	EndGlobalSection
	GlobalSection(SolutionProperties) = preSolution
		HideSolutionNode = FALSE
	EndGlobalSection
	GlobalSection(NestedProjects) = preSolution
		{6C61FB35-1C17-46DB-A57D-596430DA83C9} = {21873CEA-59E4-4BDC-A208-10576A6C9DC6}
		{8100FDA6-0FB4-40E0-B957-D2461ED88416} = {5068746C-6AF2-4672-A0E4-AED67A787B15}
		{5CE31A44-720A-4834-8023-093675FEC619} = {EC4F5298-7694-46AF-8688-135CD42FE248}
		{5068746C-6AF2-4672-A0E4-AED67A787B15} = {ED0F9C97-4DE1-4E5C-8149-949FEE57E121}
		{E1FBB8F6-5B3C-41E9-B5AD-303353478699} = {5068746C-6AF2-4672-A0E4-AED67A787B15}
		{21873CEA-59E4-4BDC-A208-10576A6C9DC6} = {ED0F9C97-4DE1-4E5C-8149-949FEE57E121}
		{93E02066-68A3-4D8A-9070-1644C107CA29} = {21873CEA-59E4-4BDC-A208-10576A6C9DC6}
		{D0F5E602-1E46-47B6-A65D-4DD1FE6177CA} = {EC4F5298-7694-46AF-8688-135CD42FE248}
		{EAB642AD-17C6-46A5-A6D6-1F7C61D49D2A} = {9E806EC3-C729-4CC7-90E2-6D0766D714C1}
		{5FA78A23-617C-403F-BA72-0660DCEAF782} = {9E806EC3-C729-4CC7-90E2-6D0766D714C1}
		{E2CB12B6-8FC0-4DD8-9E65-FF59A71D9C71} = {9E806EC3-C729-4CC7-90E2-6D0766D714C1}
		{F53BD83D-1319-4567-9E0B-D5021BFC7DEC} = {EC4F5298-7694-46AF-8688-135CD42FE248}
		{465182BE-1B3C-4D42-A06E-E9083D5C2CCE} = {9E806EC3-C729-4CC7-90E2-6D0766D714C1}
		{817074BB-BA6B-4F8A-B286-F6E93B8FFCDD} = {21873CEA-59E4-4BDC-A208-10576A6C9DC6}
	EndGlobalSection
	GlobalSection(ExtensibilityGlobals) = postSolution
		SolutionGuid = {411EBB82-7D49-4139-A3A9-33FB384B2977}
	EndGlobalSection
EndGlobal
